{
  "lockfile_version": "1",
  "packages": {
    "git@latest": {
      "last_modified": "2025-10-07T08:41:47Z",
      "resolved": "github:NixOS/nixpkgs/bce5fe2bb998488d8e7e7856315f90496723793c#git",
      "source": "devbox-search",
      "version": "2.51.0",
      "systems": {
        "aarch64-darwin": {
          "outputs": [
            {
              "name": "out",
              "path": "/nix/store/pm302wxb0pkwi006sz9dviw30mkz5y00-git-2.51.0",
              "default": true
            },
            {
              "name": "doc",
              "path": "/nix/store/wmbsv0kbk7qcbq3d7j9ks0cq05729sgc-git-2.51.0-doc"
            }
          ],
          "store_path": "/nix/store/pm302wxb0pkwi006sz9dviw30mkz5y00-git-2.51.0"
        },
        "aarch64-linux": {
          "outputs": [
            {
              "name": "out",
              "path": "/nix/store/r69a5mdcc3kwnnc6xlq391aybikda4kn-git-2.51.0",
              "default": true
            },
            {
              "name": "debug",
              "path": "/nix/store/23rv1yi353k64ihdkby7nvb4q5zf4nr6-git-2.51.0-debug"
            },
            {
              "name": "doc",
              "path": "/nix/store/prqym8j8s50gbq85y1f0wfiaylrfqjf9-git-2.51.0-doc"
            }
          ],
          "store_path": "/nix/store/r69a5mdcc3kwnnc6xlq391aybikda4kn-git-2.51.0"
        },
        "x86_64-darwin": {
          "outputs": [
            {
              "name": "out",
              "path": "/nix/store/jllay36l7wbc5y76429n1n5sfdmy0frp-git-2.51.0",
              "default": true
            },
            {
              "name": "doc",
              "path": "/nix/store/gmjk0q6m10ld75d8z4hyfhc0izr5jkg0-git-2.51.0-doc"
            }
          ],
          "store_path": "/nix/store/jllay36l7wbc5y76429n1n5sfdmy0frp-git-2.51.0"
        },
        "x86_64-linux": {
          "outputs": [
            {
              "name": "out",
              "path": "/nix/store/0vbjxlqj8zp0pdjl2szvg17a98vqwyqj-git-2.51.0",
              "default": true
            },
            {
              "name": "debug",
              "path": "/nix/store/43p28p01lbl4l1xj4hicpckkdyfdvkr3-git-2.51.0-debug"
            },
            {
              "name": "doc",
              "path": "/nix/store/bjl8dr5jw9cqiy5l62k927nd04qpbgsc-git-2.51.0-doc"
            }
          ],
          "store_path": "/nix/store/0vbjxlqj8zp0pdjl2szvg17a98vqwyqj-git-2.51.0"
        }
      }
    },
    "github:NixOS/nixpkgs/nixpkgs-unstable": {
      "last_modified": "2025-10-27T19:50:41Z",
      "resolved": "github:NixOS/nixpkgs/1666250dbe4141e4ca8aaf89b40a3a51c2e36144?lastModified=1761594641&narHash=sha256-sImk6SJQASDLQo8l%2B0zWWaBgg7TueLS6lTvdH5pBZpo%3D"
    },
    "gnumake@latest": {
      "last_modified": "2025-10-07T08:41:47Z",
      "resolved": "github:NixOS/nixpkgs/bce5fe2bb998488d8e7e7856315f90496723793c#gnumake",
      "source": "devbox-search",
      "version": "4.4.1",
      "systems": {
        "aarch64-darwin": {
          "outputs": [
            {
              "name": "out",
              "path": "/nix/store/308q7v3aaiw4d1wjijy7xcszlgnfadb6-gnumake-4.4.1",
              "default": true
            },
            {
              "name": "man",
              "path": "/nix/store/dkvrvkwhb259fgmndacwafvvh4bnli2p-gnumake-4.4.1-man",
              "default": true
            },
            {
              "name": "info",
              "path": "/nix/store/sm48wfivmhljjpyhfnmzpf563jgj33mz-gnumake-4.4.1-info"
            }
          ],
          "store_path": "/nix/store/308q7v3aaiw4d1wjijy7xcszlgnfadb6-gnumake-4.4.1"
        },
        "aarch64-linux": {
          "outputs": [
            {
              "name": "out",
              "path": "/nix/store/vcrz2m3vg65ipcsng5il3lppdjkzjq3l-gnumake-4.4.1",
              "default": true
            },
            {
              "name": "man",
              "path": "/nix/store/vrsjc5zm54xvjryf3w8cln538lj6ni4x-gnumake-4.4.1-man",
              "default": true
            },
            {
              "name": "debug",
              "path": "/nix/store/0d4xkinli9gx5axy7mgn1x42lz17q94m-gnumake-4.4.1-debug"
            },
            {
              "name": "info",
              "path": "/nix/store/0vls7lnzb6lzv0r558qc4q8jg958isc3-gnumake-4.4.1-info"
            }
          ],
          "store_path": "/nix/store/vcrz2m3vg65ipcsng5il3lppdjkzjq3l-gnumake-4.4.1"
        },
        "x86_64-darwin": {
          "outputs": [
            {
              "name": "out",
              "path": "/nix/store/20mqrgg6bv22w6sis9ljssgqjf7byqby-gnumake-4.4.1",
              "default": true
            },
            {
              "name": "man",
              "path": "/nix/store/jdfjjl6lxr3011z74phfbdjzcmlllfw5-gnumake-4.4.1-man",
              "default": true
            },
            {
              "name": "info",
              "path": "/nix/store/my7zgdi3sjdrzx0rvyn67zs9nsk8m6bp-gnumake-4.4.1-info"
            }
          ],
          "store_path": "/nix/store/20mqrgg6bv22w6sis9ljssgqjf7byqby-gnumake-4.4.1"
        },
        "x86_64-linux": {
          "outputs": [
            {
              "name": "out",
              "path": "/nix/store/501f7gwkgv25pa4fv9xvixrhvgv1875k-gnumake-4.4.1",
              "default": true
            },
            {
              "name": "man",
              "path": "/nix/store/lj5ln02qqgpd5g0n0pm1s3c5lazkcn54-gnumake-4.4.1-man",
              "default": true
            },
            {
              "name": "debug",
              "path": "/nix/store/h6nv4xwxfy6cjq8iklnd11all52550f6-gnumake-4.4.1-debug"
            },
            {
              "name": "info",
              "path": "/nix/store/qn84s5mi367wlpifmxpam2vmdqmjnqba-gnumake-4.4.1-info"
            }
          ],
          "store_path": "/nix/store/501f7gwkgv25pa4fv9xvixrhvgv1875k-gnumake-4.4.1"
        }
      }
    },
    "nodejs@18": {
      "last_modified": "2025-04-17T05:47:26Z",
      "plugin_version": "0.0.2",
      "resolved": "github:NixOS/nixpkgs/ebe4301cbd8f81c4f8d3244b3632338bbeb6d49c#nodejs_18",
      "source": "devbox-search",
      "version": "18.20.8",
      "systems": {
        "aarch64-darwin": {
          "outputs": [
            {
              "name": "out",
              "path": "/nix/store/73cc4bwqdn6pm3jj33yj5r2kwd0l755g-nodejs-18.20.8",
              "default": true
            },
            {
              "name": "dev",
              "path": "/nix/store/h4zmsb8h1lan5nfhsqllcjv8lh535m72-nodejs-18.20.8-dev"
            },
            {
              "name": "libv8",
              "path": "/nix/store/pplb0ibvjw0wjb8690f2ldj9kx2ifhdx-nodejs-18.20.8-libv8"
            }
          ],
          "store_path": "/nix/store/73cc4bwqdn6pm3jj33yj5r2kwd0l755g-nodejs-18.20.8"
        },
        "aarch64-linux": {
          "outputs": [
            {
              "name": "out",
              "path": "/nix/store/fkdigjnf5xaa0xg0y95xzylmglyvkk0a-nodejs-18.20.8",
              "default": true
            },
            {
              "name": "dev",
              "path": "/nix/store/22qpcyra5nbjhz5kfgb5ssnc0vvccvsy-nodejs-18.20.8-dev"
            },
            {
              "name": "libv8",
              "path": "/nix/store/l2w31asaqkqxi83q5vafpgq3xrqgq455-nodejs-18.20.8-libv8"
            }
          ],
          "store_path": "/nix/store/fkdigjnf5xaa0xg0y95xzylmglyvkk0a-nodejs-18.20.8"
        },
        "x86_64-darwin": {
          "outputs": [
            {
              "name": "out",
              "path": "/nix/store/ggvlfwnxvd0vynm8g572vnhia42nk347-nodejs-18.20.8",
              "default": true
            },
            {
              "name": "libv8",
              "path": "/nix/store/x86dr8x9xn0x2bxdk2231csaaxjh4lb3-nodejs-18.20.8-libv8"
            },
            {
              "name": "dev",
              "path": "/nix/store/0b7c4rbb38m6g9q0vcfczx3kbm3z7fns-nodejs-18.20.8-dev"
            }
          ],
          "store_path": "/nix/store/ggvlfwnxvd0vynm8g572vnhia42nk347-nodejs-18.20.8"
        },
        "x86_64-linux": {
          "outputs": [
            {
              "name": "out",
              "path": "/nix/store/0110yhlgniwfpy4iarjgnfqcvn6zhs37-nodejs-18.20.8",
              "default": true
            },
            {
              "name": "libv8",
              "path": "/nix/store/djyml6gzfhz511amx5d2mqy50p9hd2gz-nodejs-18.20.8-libv8"
            },
            {
              "name": "dev",
              "path": "/nix/store/9h65bm05d96j55ifsbb8w14r6f05c7kr-nodejs-18.20.8-dev"
            }
          ],
          "store_path": "/nix/store/0110yhlgniwfpy4iarjgnfqcvn6zhs37-nodejs-18.20.8"
        }
      }
    }
  }
}
